
Microsoft Visual Studio Solution File, Format Version 12.00
# Visual Studio 15
VisualStudioVersion = 15.0.28307.852
MinimumVisualStudioVersion = 10.0.40219.1
Project("{FAE04EC0-301F-11D3-BF4B-00C04F79EFBC}") = "MvcCoreApp", "MvcCoreApp\MvcCoreApp.csproj", "{4B4CC8A9-C4C7-4C40-AF76-065D81EA7E9A}"
EndProject
Global
	GlobalSection(SolutionConfigurationPlatforms) = preSolution
		Debug|Any CPU = Debug|Any CPU
		Release|Any CPU = Release|Any CPU
	EndGlobalSection
	GlobalSection(ProjectConfigurationPlatforms) = postSolution
		{4B4CC8A9-C4C7-4C40-AF76-065D81EA7E9A}.Debug|Any CPU.ActiveCfg = Debug|Any CPU
		{4B4CC8A9-C4C7-4C40-AF76-065D81EA7E9A}.Debug|Any CPU.Build.0 = Debug|Any CPU
		{4B4CC8A9-C4C7-4C40-AF76-065D81EA7E9A}.Release|Any CPU.ActiveCfg = Release|Any CPU
		{4B4CC8A9-C4C7-4C40-AF76-065D81EA7E9A}.Release|Any CPU.Build.0 = Release|Any CPU
	EndGlobalSection
	GlobalSection(SolutionProperties) = preSolution
		HideSolutionNode = FALSE
	EndGlobalSection
	GlobalSection(ExtensibilityGlobals) = postSolution
		SolutionGuid = {DB5E5F75-FED0-47A7-A2FF-B1572896CDC8}
	EndGlobalSection
EndGlobal
